Microsoft Visual Studio Solution File, Format Version 12.00
# Visual Studio Version 17
VisualStudioVersion = 17.5.2.0
MinimumVisualStudioVersion = 10.0.40219.1
Project("{FAE04EC0-301F-11D3-BF4B-00C04F79EFBC}") = "UI", "UI.csproj", "{344A1172-B978-A3CB-44BF-B15E6902C6C7}"
EndProject
Global
	GlobalSection(SolutionConfigurationPlatforms) = preSolution
		Debug|Any CPU = Debug|Any CPU
		Release|Any CPU = Release|Any CPU
	EndGlobalSection
	GlobalSection(ProjectConfigurationPlatforms) = postSolution
		{344A1172-B978-A3CB-44BF-B15E6902C6C7}.Debug|Any CPU.ActiveCfg = Debug|Any CPU
		{344A1172-B978-A3CB-44BF-B15E6902C6C7}.Debug|Any CPU.Build.0 = Debug|Any CPU
		{344A1172-B978-A3CB-44BF-B15E6902C6C7}.Release|Any CPU.ActiveCfg = Release|Any CPU
		{344A1172-B978-A3CB-44BF-B15E6902C6C7}.Release|Any CPU.Build.0 = Release|Any CPU
	EndGlobalSection
	GlobalSection(SolutionProperties) = preSolution
		HideSolutionNode = FALSE
	EndGlobalSection
	GlobalSection(ExtensibilityGlobals) = postSolution
		SolutionGuid = {507A214B-9E48-453F-A6C3-31D13038C5B0}
	EndGlobalSection
EndGlobal
